Microsoft Visual Studio Solution File, Format Version 11.00
# Visual Studio 2008

Project("{B164EAE7-B884-D88F-0795-606D31368D70}") = "Riot Games Project", "Assembly-CSharp.csproj", "{13F57BA7-0088-D465-B85F-C40169284134}"
EndProject
Global
	GlobalSection(SolutionConfigurationPlatforms) = preSolution
		Debug|Any CPU = Debug|Any CPU
		Release|Any CPU = Release|Any CPU
	EndGlobalSection
	GlobalSection(ProjectConfigurationPlatforms) = postSolution
		{13F57BA7-0088-D465-B85F-C40169284134}.Debug|Any CPU.ActiveCfg = Debug|Any CPU
		{13F57BA7-0088-D465-B85F-C40169284134}.Debug|Any CPU.Build.0 = Debug|Any CPU
		{13F57BA7-0088-D465-B85F-C40169284134}.Release|Any CPU.ActiveCfg = Release|Any CPU
		{13F57BA7-0088-D465-B85F-C40169284134}.Release|Any CPU.Build.0 = Release|Any CPU
	EndGlobalSection
	GlobalSection(SolutionProperties) = preSolution
		HideSolutionNode = FALSE
	EndGlobalSection
	GlobalSection(MonoDevelopProperties) = preSolution
		StartupItem = Assembly-CSharp.csproj
	EndGlobalSection
EndGlobal
